
Microsoft Visual Studio Solution File, Format Version 12.00
# Visual Studio 2013
VisualStudioVersion = 12.0.21005.1
MinimumVisualStudioVersion = 10.0.40219.1
Project("{FAE04EC0-301F-11D3-BF4B-00C04F79EFBC}") = "Tarea2_Programacion_2", "Tarea2_Programacion_2\Tarea2_Programacion_2.csproj", "{DFC8A83C-36DE-4DD6-8C22-4EF24803192F}"
EndProject
Global
	GlobalSection(SolutionConfigurationPlatforms) = preSolution
		Debug|Any CPU = Debug|Any CPU
		Release|Any CPU = Release|Any CPU
	EndGlobalSection
	GlobalSection(ProjectConfigurationPlatforms) = postSolution
		{DFC8A83C-36DE-4DD6-8C22-4EF24803192F}.Debug|Any CPU.ActiveCfg = Debug|Any CPU
		{DFC8A83C-36DE-4DD6-8C22-4EF24803192F}.Debug|Any CPU.Build.0 = Debug|Any CPU
		{DFC8A83C-36DE-4DD6-8C22-4EF24803192F}.Release|Any CPU.ActiveCfg = Release|Any CPU
		{DFC8A83C-36DE-4DD6-8C22-4EF24803192F}.Release|Any CPU.Build.0 = Release|Any CPU
	EndGlobalSection
	GlobalSection(SolutionProperties) = preSolution
		HideSolutionNode = FALSE
	EndGlobalSection
EndGlobal
